
Microsoft Visual Studio Solution File, Format Version 12.00
# Visual Studio Version 16
VisualStudioVersion = 16.0.31112.23
MinimumVisualStudioVersion = 10.0.40219.1
Project("{8BC9CEB8-8B4A-11D0-8D11-00A0C91BC942}") = "BinToGray", "BinToGray\BinToGray.vcxproj", "{8AE1C56F-3BCA-4BDD-BDB4-0FD88DE2BB22}"
EndProject
Global
	GlobalSection(SolutionConfigurationPlatforms) = preSolution
		Debug|x64 = Debug|x64
		Debug|x86 = Debug|x86
		Release|x64 = Release|x64
		Release|x86 = Release|x86
	EndGlobalSection
	GlobalSection(ProjectConfigurationPlatforms) = postSolution
		{8AE1C56F-3BCA-4BDD-BDB4-0FD88DE2BB22}.Debug|x64.ActiveCfg = Debug|x64
		{8AE1C56F-3BCA-4BDD-BDB4-0FD88DE2BB22}.Debug|x64.Build.0 = Debug|x64
		{8AE1C56F-3BCA-4BDD-BDB4-0FD88DE2BB22}.Debug|x86.ActiveCfg = Debug|Win32
		{8AE1C56F-3BCA-4BDD-BDB4-0FD88DE2BB22}.Debug|x86.Build.0 = Debug|Win32
		{8AE1C56F-3BCA-4BDD-BDB4-0FD88DE2BB22}.Release|x64.ActiveCfg = Release|x64
		{8AE1C56F-3BCA-4BDD-BDB4-0FD88DE2BB22}.Release|x64.Build.0 = Release|x64
		{8AE1C56F-3BCA-4BDD-BDB4-0FD88DE2BB22}.Release|x86.ActiveCfg = Release|Win32
		{8AE1C56F-3BCA-4BDD-BDB4-0FD88DE2BB22}.Release|x86.Build.0 = Release|Win32
	EndGlobalSection
	GlobalSection(SolutionProperties) = preSolution
		HideSolutionNode = FALSE
	EndGlobalSection
	GlobalSection(ExtensibilityGlobals) = postSolution
		SolutionGuid = {92734313-D1F6-4092-ADB8-45A787F8EA4F}
	EndGlobalSection
EndGlobal
